
Microsoft Visual Studio Solution File, Format Version 12.00
# Visual Studio 15
VisualStudioVersion = 15.0.28010.2003
MinimumVisualStudioVersion = 10.0.40219.1
Project("{8BC9CEB8-8B4A-11D0-8D11-00A0C91BC942}") = "ConsoleApplication23", "ConsoleApplication23\ConsoleApplication23.vcxproj", "{9EA80E46-7615-4055-9368-D09910909FEE}"
EndProject
Global
	GlobalSection(SolutionConfigurationPlatforms) = preSolution
		Debug|x64 = Debug|x64
		Debug|x86 = Debug|x86
		Release|x64 = Release|x64
		Release|x86 = Release|x86
	EndGlobalSection
	GlobalSection(ProjectConfigurationPlatforms) = postSolution
		{9EA80E46-7615-4055-9368-D09910909FEE}.Debug|x64.ActiveCfg = Debug|x64
		{9EA80E46-7615-4055-9368-D09910909FEE}.Debug|x64.Build.0 = Debug|x64
		{9EA80E46-7615-4055-9368-D09910909FEE}.Debug|x86.ActiveCfg = Debug|Win32
		{9EA80E46-7615-4055-9368-D09910909FEE}.Debug|x86.Build.0 = Debug|Win32
		{9EA80E46-7615-4055-9368-D09910909FEE}.Release|x64.ActiveCfg = Release|x64
		{9EA80E46-7615-4055-9368-D09910909FEE}.Release|x64.Build.0 = Release|x64
		{9EA80E46-7615-4055-9368-D09910909FEE}.Release|x86.ActiveCfg = Release|Win32
		{9EA80E46-7615-4055-9368-D09910909FEE}.Release|x86.Build.0 = Release|Win32
	EndGlobalSection
	GlobalSection(SolutionProperties) = preSolution
		HideSolutionNode = FALSE
	EndGlobalSection
	GlobalSection(ExtensibilityGlobals) = postSolution
		SolutionGuid = {F34E444F-E64E-4A05-833D-D3743F238106}
	EndGlobalSection
EndGlobal
